// !$*UTF8*$!
{
	archiveVersion = 1;
	classes = {
	};
	objectVersion = 46;
	objects = {

/* Begin PBXBuildFile section */
		494D79031AB6AE5500E09B95 /* main.m in Sources */ = {isa = PBXBuildFile; fileRef = 494D79021AB6AE5500E09B95 /* main.m */; };
		494D79061AB6AE5500E09B95 /* AppDelegate.m in Sources */ = {isa = PBXBuildFile; fileRef = 494D79051AB6AE5500E09B95 /* AppDelegate.m */; };
		494D79091AB6AE5500E09B95 /* ViewController.m in Sources */ = {isa = PBXBuildFile; fileRef = 494D79081AB6AE5500E09B95 /* ViewController.m */; };
		494D790C1AB6AE5500E09B95 /* Main.storyboard in Resources */ = {isa = PBXBuildFile; fileRef = 494D790A1AB6AE5500E09B95 /* Main.storyboard */; };
		494D790E1AB6AE5500E09B95 /* Images.xcassets in Resources */ = {isa = PBXBuildFile; fileRef = 494D790D1AB6AE5500E09B95 /* Images.xcassets */; };
		494D79111AB6AE5500E09B95 /* LaunchScreen.xib in Resources */ = {isa = PBXBuildFile; fileRef = 494D790F1AB6AE5500E09B95 /* LaunchScreen.xib */; };
		494D791D1AB6AE5500E09B95 /* MethodSwizzlingTests.m in Sources */ = {isa = PBXBuildFile; fileRef = 494D791C1AB6AE5500E09B95 /* MethodSwizzlingTests.m */; };
		494D79281AB6B41B00E09B95 /* NSMutableArray+MethodSwizzling.m in Sources */ = {isa = PBXBuildFile; fileRef = 494D79271AB6B41B00E09B95 /* NSMutableArray+MethodSwizzling.m */; };
/* End PBXBuildFile section */

/* Begin PBXContainerItemProxy section */
		494D79171AB6AE5500E09B95 /* PBXContainerItemProxy */ = {
			isa = PBXContainerItemProxy;
			containerPortal = 494D78F51AB6AE5500E09B95 /* Project object */;
			proxyType = 1;
			remoteGlobalIDString = 494D78FC1AB6AE5500E09B95;
			remoteInfo = MethodSwizzling;
		};
/* End PBXContainerItemProxy section */

/* Begin PBXFileReference section */
		494D78FD1AB6AE5500E09B95 /* MethodSwizzling.app */ = {isa = PBXFileReference; explicitFileType = wrapper.application; includeInIndex = 0; path = MethodSwizzling.app; sourceTree = BUILT_PRODUCTS_DIR; };
		494D79011AB6AE5500E09B95 /* Info.plist */ = {isa = PBXFileReference; lastKnownFileType = text.plist.xml; path = Info.plist; sourceTree = "<group>"; };
		494D79021AB6AE5500E09B95 /* main.m */ = {isa = PBXFileReference; lastKnownFileType = sourcecode.c.objc; path = main.m; sourceTree = "<group>"; };
		494D79041AB6AE5500E09B95 /* AppDelegate.h */ = {isa = PBXFileReference; lastKnownFileType = sourcecode.c.h; path = AppDelegate.h; sourceTree = "<group>"; };
		494D79051AB6AE5500E09B95 /* AppDelegate.m */ = {isa = PBXFileReference; lastKnownFileType = sourcecode.c.objc; path = AppDelegate.m; sourceTree = "<group>"; };
		494D79071AB6AE5500E09B95 /* ViewController.h */ = {isa = PBXFileReference; lastKnownFileType = sourcecode.c.h; path = ViewController.h; sourceTree = "<group>"; };
		494D79081AB6AE5500E09B95 /* ViewController.m */ = {isa = PBXFileReference; lastKnownFileType = sourcecode.c.objc; path = ViewController.m; sourceTree = "<group>"; };
		494D790B1AB6AE5500E09B95 /* Base */ = {isa = PBXFileReference; lastKnownFileType = file.storyboard; name = Base; path = Base.lproj/Main.storyboard; sourceTree = "<group>"; };
		494D790D1AB6AE5500E09B95 /* Images.xcassets */ = {isa = PBXFileReference; lastKnownFileType = folder.assetcatalog; path = Images.xcassets; sourceTree = "<group>"; };
		494D79101AB6AE5500E09B95 /* Base */ = {isa = PBXFileReference; lastKnownFileType = file.xib; name = Base; path = Base.lproj/LaunchScreen.xib; sourceTree = "<group>"; };
		494D79161AB6AE5500E09B95 /* MethodSwizzlingTests.xctest */ = {isa = PBXFileReference; explicitFileType = wrapper.cfbundle; includeInIndex = 0; path = MethodSwizzlingTests.xctest; sourceTree = BUILT_PRODUCTS_DIR; };
		494D791B1AB6AE5500E09B95 /* Info.plist */ = {isa = PBXFileReference; lastKnownFileType = text.plist.xml; path = Info.plist; sourceTree = "<group>"; };
		494D791C1AB6AE5500E09B95 /* MethodSwizzlingTests.m */ = {isa = PBXFileReference; lastKnownFileType = sourcecode.c.objc; path = MethodSwizzlingTests.m; sourceTree = "<group>"; };
		494D79261AB6B41B00E09B95 /* NSMutableArray+MethodSwizzling.h */ = {isa = PBXFileReference; fileEncoding = 4; lastKnownFileType = sourcecode.c.h; path = "NSMutableArray+MethodSwizzling.h"; sourceTree = "<group>"; };
		494D79271AB6B41B00E09B95 /* NSMutableArray+MethodSwizzling.m */ = {isa = PBXFileReference; fileEncoding = 4; lastKnownFileType = sourcecode.c.objc; path = "NSMutableArray+MethodSwizzling.m"; sourceTree = "<group>"; };
/* End PBXFileReference section */

/* Begin PBXFrameworksBuildPhase section */
		494D78FA1AB6AE5500E09B95 /* Frameworks */ = {
			isa = PBXFrameworksBuildPhase;
			buildActionMask = 2147483647;
			files = (
			);
			runOnlyForDeploymentPostprocessing = 0;
		};
		494D79131AB6AE5500E09B95 /* Frameworks */ = {
			isa = PBXFrameworksBuildPhase;
			buildActionMask = 2147483647;
			files = (
			);
			runOnlyForDeploymentPostprocessing = 0;
		};
/* End PBXFrameworksBuildPhase section */

/* Begin PBXGroup section */
		494D78F41AB6AE5500E09B95 = {
			isa = PBXGroup;
			children = (
				494D78FF1AB6AE5500E09B95 /* MethodSwizzling */,
				494D79191AB6AE5500E09B95 /* MethodSwizzlingTests */,
				494D78FE1AB6AE5500E09B95 /* Products */,
			);
			sourceTree = "<group>";
		};
		494D78FE1AB6AE5500E09B95 /* Products */ = {
			isa = PBXGroup;
			children = (
				494D78FD1AB6AE5500E09B95 /* MethodSwizzling.app */,
				494D79161AB6AE5500E09B95 /* MethodSwizzlingTests.xctest */,
			);
			name = Products;
			sourceTree = "<group>";
		};
		494D78FF1AB6AE5500E09B95 /* MethodSwizzling */ = {
			isa = PBXGroup;
			children = (
				494D79041AB6AE5500E09B95 /* AppDelegate.h */,
				494D79051AB6AE5500E09B95 /* AppDelegate.m */,
				494D79071AB6AE5500E09B95 /* ViewController.h */,
				494D79081AB6AE5500E09B95 /* ViewController.m */,
				494D790A1AB6AE5500E09B95 /* Main.storyboard */,
				494D790D1AB6AE5500E09B95 /* Images.xcassets */,
				494D790F1AB6AE5500E09B95 /* LaunchScreen.xib */,
				494D79001AB6AE5500E09B95 /* Supporting Files */,
				494D79261AB6B41B00E09B95 /* NSMutableArray+MethodSwizzling.h */,
				494D79271AB6B41B00E09B95 /* NSMutableArray+MethodSwizzling.m */,
			);
			path = MethodSwizzling;
			sourceTree = "<group>";
		};
		494D79001AB6AE5500E09B95 /* Supporting Files */ = {
			isa = PBXGroup;
			children = (
				494D79011AB6AE5500E09B95 /* Info.plist */,
				494D79021AB6AE5500E09B95 /* main.m */,
			);
			name = "Supporting Files";
			sourceTree = "<group>";
		};
		494D79191AB6AE5500E09B95 /* MethodSwizzlingTests */ = {
			isa = PBXGroup;
			children = (
				494D791C1AB6AE5500E09B95 /* MethodSwizzlingTests.m */,
				494D791A1AB6AE5500E09B95 /* Supporting Files */,
			);
			path = MethodSwizzlingTests;
			sourceTree = "<group>";
		};
		494D791A1AB6AE5500E09B95 /* Supporting Files */ = {
			isa = PBXGroup;
			children = (
				494D791B1AB6AE5500E09B95 /* Info.plist */,
			);
			name = "Supporting Files";
			sourceTree = "<group>";
		};
/* End PBXGroup section */

/* Begin PBXNativeTarget section */
		494D78FC1AB6AE5500E09B95 /* MethodSwizzling */ = {
			isa = PBXNativeTarget;
			buildConfigurationList = 494D79201AB6AE5500E09B95 /* Build configuration list for PBXNativeTarget "MethodSwizzling" */;
			buildPhases = (
				494D78F91AB6AE5500E09B95 /* Sources */,
				494D78FA1AB6AE5500E09B95 /* Frameworks */,
				494D78FB1AB6AE5500E09B95 /* Resources */,
			);
			buildRules = (
			);
			dependencies = (
			);
			name = MethodSwizzling;
			productName = MethodSwizzling;
			productReference = 494D78FD1AB6AE5500E09B95 /* MethodSwizzling.app */;
			productType = "com.apple.product-type.application";
		};
		494D79151AB6AE5500E09B95 /* MethodSwizzlingTests */ = {
			isa = PBXNativeTarget;
			buildConfigurationList = 494D79231AB6AE5500E09B95 /* Build configuration list for PBXNativeTarget "MethodSwizzlingTests" */;
			buildPhases = (
				494D79121AB6AE5500E09B95 /* Sources */,
				494D79131AB6AE5500E09B95 /* Frameworks */,
				494D79141AB6AE5500E09B95 /* Resources */,
			);
			buildRules = (
			);
			dependencies = (
				494D79181AB6AE5500E09B95 /* PBXTargetDependency */,
			);
			name = MethodSwizzlingTests;
			productName = MethodSwizzlingTests;
			productReference = 494D79161AB6AE5500E09B95 /* MethodSwizzlingTests.xctest */;
			productType = "com.apple.product-type.bundle.unit-test";
		};
/* End PBXNativeTarget section */

/* Begin PBXProject section */
		494D78F51AB6AE5500E09B95 /* Project object */ = {
			isa = PBXProject;
			attributes = {
				LastUpgradeCheck = 0610;
				ORGANIZATIONNAME = Arlexovincy;
				TargetAttributes = {
					494D78FC1AB6AE5500E09B95 = {
						CreatedOnToolsVersion = 6.1;
					};
					494D79151AB6AE5500E09B95 = {
						CreatedOnToolsVersion = 6.1;
						TestTargetID = 494D78FC1AB6AE5500E09B95;
					};
				};
			};
			buildConfigurationList = 494D78F81AB6AE5500E09B95 /* Build configuration list for PBXProject "MethodSwizzling" */;
			compatibilityVersion = "Xcode 3.2";
			developmentRegion = English;
			hasScannedForEncodings = 0;
			knownRegions = (
				en,
				Base,
			);
			mainGroup = 494D78F41AB6AE5500E09B95;
			productRefGroup = 494D78FE1AB6AE5500E09B95 /* Products */;
			projectDirPath = "";
			projectRoot = "";
			targets = (
				494D78FC1AB6AE5500E09B95 /* MethodSwizzling */,
				494D79151AB6AE5500E09B95 /* MethodSwizzlingTests */,
			);
		};
/* End PBXProject section */

/* Begin PBXResourcesBuildPhase section */
		494D78FB1AB6AE5500E09B95 /* Resources */ = {
			isa = PBXResourcesBuildPhase;
			buildActionMask = 2147483647;
			files = (
				494D790C1AB6AE5500E09B95 /* Main.storyboard in Resources */,
				494D79111AB6AE5500E09B95 /* LaunchScreen.xib in Resources */,
				494D790E1AB6AE5500E09B95 /* Images.xcassets in Resources */,
			);
			runOnlyForDeploymentPostprocessing = 0;
		};
		494D79141AB6AE5500E09B95 /* Resources */ = {
			isa = PBXResourcesBuildPhase;
			buildActionMask = 2147483647;
			files = (
			);
			runOnlyForDeploymentPostprocessing = 0;
		};
/* End PBXResourcesBuildPhase section */

/* Begin PBXSourcesBuildPhase section */
		494D78F91AB6AE5500E09B95 /* Sources */ = {
			isa = PBXSourcesBuildPhase;
			buildActionMask = 2147483647;
			files = (
				494D79281AB6B41B00E09B95 /* NSMutableArray+MethodSwizzling.m in Sources */,
				494D79091AB6AE5500E09B95 /* ViewController.m in Sources */,
				494D79061AB6AE5500E09B95 /* AppDelegate.m in Sources */,
				494D79031AB6AE5500E09B95 /* main.m in Sources */,
			);
			runOnlyForDeploymentPostprocessing = 0;
		};
		494D79121AB6AE5500E09B95 /* Sources */ = {
			isa = PBXSourcesBuildPhase;
			buildActionMask = 2147483647;
			files = (
				494D791D1AB6AE5500E09B95 /* MethodSwizzlingTests.m in Sources */,
			);
			runOnlyForDeploymentPostprocessing = 0;
		};
/* End PBXSourcesBuildPhase section */

/* Begin PBXTargetDependency section */
		494D79181AB6AE5500E09B95 /* PBXTargetDependency */ = {
			isa = PBXTargetDependency;
			target = 494D78FC1AB6AE5500E09B95 /* MethodSwizzling */;
			targetProxy = 494D79171AB6AE5500E09B95 /* PBXContainerItemProxy */;
		};
/* End PBXTargetDependency section */

/* Begin PBXVariantGroup section */
		494D790A1AB6AE5500E09B95 /* Main.storyboard */ = {
			isa = PBXVariantGroup;
			children = (
				494D790B1AB6AE5500E09B95 /* Base */,
			);
			name = Main.storyboard;
			sourceTree = "<group>";
		};
		494D790F1AB6AE5500E09B95 /* LaunchScreen.xib */ = {
			isa = PBXVariantGroup;
			children = (
				494D79101AB6AE5500E09B95 /* Base */,
			);
			name = LaunchScreen.xib;
			sourceTree = "<group>";
		};
/* End PBXVariantGroup section */

/* Begin XCBuildConfiguration section */
		494D791E1AB6AE5500E09B95 /* Debug */ = {
			isa = XCBuildConfiguration;
			buildSettings = {
				ALWAYS_SEARCH_USER_PATHS = NO;
				CLANG_CXX_LANGUAGE_STANDARD = "gnu++0x";
				CLANG_CXX_LIBRARY = "libc++";
				CLANG_ENABLE_MODULES = YES;
				CLANG_ENABLE_OBJC_ARC = YES;
				CLANG_WARN_BOOL_CONVERSION = YES;
				CLANG_WARN_CONSTANT_CONVERSION = YES;
				CLANG_WARN_DIRECT_OBJC_ISA_USAGE = YES_ERROR;
				CLANG_WARN_EMPTY_BODY = YES;
				CLANG_WARN_ENUM_CONVERSION = YES;
				CLANG_WARN_INT_CONVERSION = YES;
				CLANG_WARN_OBJC_ROOT_CLASS = YES_ERROR;
				CLANG_WARN_UNREACHABLE_CODE = YES;
				CLANG_WARN__DUPLICATE_METHOD_MATCH = YES;
				"CODE_SIGN_IDENTITY[sdk=iphoneos*]" = "iPhone Developer";
				COPY_PHASE_STRIP = NO;
				ENABLE_STRICT_OBJC_MSGSEND = YES;
				GCC_C_LANGUAGE_STANDARD = gnu99;
				GCC_DYNAMIC_NO_PIC = NO;
				GCC_OPTIMIZATION_LEVEL = 0;
				GCC_PREPROCESSOR_DEFINITIONS = (
					"DEBUG=1",
					"$(inherited)",
				);
				GCC_SYMBOLS_PRIVATE_EXTERN = NO;
				GCC_WARN_64_TO_32_BIT_CONVERSION = YES;
				GCC_WARN_ABOUT_RETURN_TYPE = YES_ERROR;
				GCC_WARN_UNDECLARED_SELECTOR = YES;
				GCC_WARN_UNINITIALIZED_AUTOS = YES_AGGRESSIVE;
				GCC_WARN_UNUSED_FUNCTION = YES;
				GCC_WARN_UNUSED_VARIABLE = YES;
				IPHONEOS_DEPLOYMENT_TARGET = 8.1;
				MTL_ENABLE_DEBUG_INFO = YES;
				ONLY_ACTIVE_ARCH = YES;
				SDKROOT = iphoneos;
			};
			name = Debug;
		};
		494D791F1AB6AE5500E09B95 /* Release */ = {
			isa = XCBuildConfiguration;
			buildSettings = {
				ALWAYS_SEARCH_USER_PATHS = NO;
				CLANG_CXX_LANGUAGE_STANDARD = "gnu++0x";
				CLANG_CXX_LIBRARY = "libc++";
				CLANG_ENABLE_MODULES = YES;
				CLANG_ENABLE_OBJC_ARC = YES;
				CLANG_WARN_BOOL_CONVERSION = YES;
				CLANG_WARN_CONSTANT_CONVERSION = YES;
				CLANG_WARN_DIRECT_OBJC_ISA_USAGE = YES_ERROR;
				CLANG_WARN_EMPTY_BODY = YES;
				CLANG_WARN_ENUM_CONVERSION = YES;
				CLANG_WARN_INT_CONVERSION = YES;
				CLANG_WARN_OBJC_ROOT_CLASS = YES_ERROR;
				CLANG_WARN_UNREACHABLE_CODE = YES;
				CLANG_WARN__DUPLICATE_METHOD_MATCH = YES;
				"CODE_SIGN_IDENTITY[sdk=iphoneos*]" = "iPhone Developer";
				COPY_PHASE_STRIP = YES;
				ENABLE_NS_ASSERTIONS = NO;
				ENABLE_STRICT_OBJC_MSGSEND = YES;
				GCC_C_LANGUAGE_STANDARD = gnu99;
				GCC_WARN_64_TO_32_BIT_CONVERSION = YES;
				GCC_WARN_ABOUT_RETURN_TYPE = YES_ERROR;
				GCC_WARN_UNDECLARED_SELECTOR = YES;
				GCC_WARN_UNINITIALIZED_AUTOS = YES_AGGRESSIVE;
				GCC_WARN_UNUSED_FUNCTION = YES;
				GCC_WARN_UNUSED_VARIABLE = YES;
				IPHONEOS_DEPLOYMENT_TARGET = 8.1;
				MTL_ENABLE_DEBUG_INFO = NO;
				SDKROOT = iphoneos;
				VALIDATE_PRODUCT = YES;
			};
			name = Release;
		};
		494D79211AB6AE5500E09B95 /* Debug */ = {
			isa = XCBuildConfiguration;
			buildSettings = {
				ASSETCATALOG_COMPILER_APPICON_NAME = AppIcon;
				INFOPLIST_FILE = MethodSwizzling/Info.plist;
				LD_RUNPATH_SEARCH_PATHS = "$(inherited) @executable_path/Frameworks";
				PRODUCT_NAME = "$(TARGET_NAME)";
			};
			name = Debug;
		};
		494D79221AB6AE5500E09B95 /* Release */ = {
			isa = XCBuildConfiguration;
			buildSettings = {
				ASSETCATALOG_COMPILER_APPICON_NAME = AppIcon;
				INFOPLIST_FILE = MethodSwizzling/Info.plist;
				LD_RUNPATH_SEARCH_PATHS = "$(inherited) @executable_path/Frameworks";
				PRODUCT_NAME = "$(TARGET_NAME)";
			};
			name = Release;
		};
		494D79241AB6AE5500E09B95 /* Debug */ = {
			isa = XCBuildConfiguration;
			buildSettings = {
				BUNDLE_LOADER = "$(TEST_HOST)";
				FRAMEWORK_SEARCH_PATHS = (
					"$(SDKROOT)/Developer/Library/Frameworks",
					"$(inherited)",
				);
				GCC_PREPROCESSOR_DEFINITIONS = (
					"DEBUG=1",
					"$(inherited)",
				);
				INFOPLIST_FILE = MethodSwizzlingTests/Info.plist;
				LD_RUNPATH_SEARCH_PATHS = "$(inherited) @executable_path/Frameworks @loader_path/Frameworks";
				PRODUCT_NAME = "$(TARGET_NAME)";
				TEST_HOST = "$(BUILT_PRODUCTS_DIR)/MethodSwizzling.app/MethodSwizzling";
			};
			name = Debug;
		};
		494D79251AB6AE5500E09B95 /* Release */ = {
			isa = XCBuildConfiguration;
			buildSettings = {
				BUNDLE_LOADER = "$(TEST_HOST)";
				FRAMEWORK_SEARCH_PATHS = (
					"$(SDKROOT)/Developer/Library/Frameworks",
					"$(inherited)",
				);
				INFOPLIST_FILE = MethodSwizzlingTests/Info.plist;
				LD_RUNPATH_SEARCH_PATHS = "$(inherited) @executable_path/Frameworks @loader_path/Frameworks";
				PRODUCT_NAME = "$(TARGET_NAME)";
				TEST_HOST = "$(BUILT_PRODUCTS_DIR)/MethodSwizzling.app/MethodSwizzling";
			};
			name = Release;
		};
/* End XCBuildConfiguration section */

/* Begin XCConfigurationList section */
		494D78F81AB6AE5500E09B95 /* Build configuration list for PBXProject "MethodSwizzling" */ = {
			isa = XCConfigurationList;
			buildConfigurations = (
				494D791E1AB6AE5500E09B95 /* Debug */,
				494D791F1AB6AE5500E09B95 /* Release */,
			);
			defaultConfigurationIsVisible = 0;
			defaultConfigurationName = Release;
		};
		494D79201AB6AE5500E09B95 /* Build configuration list for PBXNativeTarget "MethodSwizzling" */ = {
			isa = XCConfigurationList;
			buildConfigurations = (
				494D79211AB6AE5500E09B95 /* Debug */,
				494D79221AB6AE5500E09B95 /* Release */,
			);
			defaultConfigurationIsVisible = 0;
		};
		494D79231AB6AE5500E09B95 /* Build configuration list for PBXNativeTarget "MethodSwizzlingTests" */ = {
			isa = XCConfigurationList;
			buildConfigurations = (
				494D79241AB6AE5500E09B95 /* Debug */,
				494D79251AB6AE5500E09B95 /* Release */,
			);
			defaultConfigurationIsVisible = 0;
		};
/* End XCConfigurationList section */
	};
	rootObject = 494D78F51AB6AE5500E09B95 /* Project object */;
}
